# This file is automatically @generated by Cargo.
# It is not intended for manual editing.
version = 3

[[package]]
name = "anyhow"
version = "1.0.75"
source = "registry+https://github.com/rust-lang/crates.io-index"
checksum = "a4668cab20f66d8d020e1fbc0ebe47217433c1b6c8f2040faf858554e394ace6"

[[package]]
name = "mosquitto-client"
version = "0.1.5"
source = "registry+https://github.com/rust-lang/crates.io-index"
checksum = "bf59e503a89f905da295a32eae676a1659a5e026a7e0643396dc22e8491a4846"

[[package]]
name = "pc-lights"
version = "0.1.0"
dependencies = [
 "anyhow",
 "mosquitto-client",
]
